
Microsoft Visual Studio Solution File, Format Version 12.00
# Visual Studio Version 17
VisualStudioVersion = 17.8.34511.84
MinimumVisualStudioVersion = 10.0.40219.1
Project("{FAE04EC0-301F-11D3-BF4B-00C04F79EFBC}") = "mesajlaşma", "mesajlaşma\mesajlaşma.csproj", "{4BDFEE0D-E24B-4BB6-9178-87B58FE1B0DF}"
EndProject
Global
	GlobalSection(SolutionConfigurationPlatforms) = preSolution
		Debug|Any CPU = Debug|Any CPU
		Release|Any CPU = Release|Any CPU
	EndGlobalSection
	GlobalSection(ProjectConfigurationPlatforms) = postSolution
		{4BDFEE0D-E24B-4BB6-9178-87B58FE1B0DF}.Debug|Any CPU.ActiveCfg = Debug|Any CPU
		{4BDFEE0D-E24B-4BB6-9178-87B58FE1B0DF}.Debug|Any CPU.Build.0 = Debug|Any CPU
		{4BDFEE0D-E24B-4BB6-9178-87B58FE1B0DF}.Release|Any CPU.ActiveCfg = Release|Any CPU
		{4BDFEE0D-E24B-4BB6-9178-87B58FE1B0DF}.Release|Any CPU.Build.0 = Release|Any CPU
	EndGlobalSection
	GlobalSection(SolutionProperties) = preSolution
		HideSolutionNode = FALSE
	EndGlobalSection
	GlobalSection(ExtensibilityGlobals) = postSolution
		SolutionGuid = {BAD2DE9A-5225-498F-A6CC-CA1957F6C942}
	EndGlobalSection
EndGlobal
